
Microsoft Visual Studio Solution File, Format Version 12.00
# Visual Studio Version 16
VisualStudioVersion = 16.0.30907.101
MinimumVisualStudioVersion = 10.0.40219.1
Project("{FAE04EC0-301F-11D3-BF4B-00C04F79EFBC}") = "ChallengeMe", "ChallengeMe\ChallengeMe.csproj", "{66CD8E2E-CDE4-461A-B137-996027713724}"
EndProject
Global
	GlobalSection(SolutionConfigurationPlatforms) = preSolution
		Debug|Any CPU = Debug|Any CPU
		Release|Any CPU = Release|Any CPU
	EndGlobalSection
	GlobalSection(ProjectConfigurationPlatforms) = postSolution
		{66CD8E2E-CDE4-461A-B137-996027713724}.Debug|Any CPU.ActiveCfg = Debug|Any CPU
		{66CD8E2E-CDE4-461A-B137-996027713724}.Debug|Any CPU.Build.0 = Debug|Any CPU
		{66CD8E2E-CDE4-461A-B137-996027713724}.Release|Any CPU.ActiveCfg = Release|Any CPU
		{66CD8E2E-CDE4-461A-B137-996027713724}.Release|Any CPU.Build.0 = Release|Any CPU
	EndGlobalSection
	GlobalSection(SolutionProperties) = preSolution
		HideSolutionNode = FALSE
	EndGlobalSection
	GlobalSection(ExtensibilityGlobals) = postSolution
		SolutionGuid = {3E045BD9-F9BE-4B17-BB2A-56593170F1F0}
	EndGlobalSection
EndGlobal
